
Microsoft Visual Studio Solution File, Format Version 11.00
# Visual Studio 2010
Project("{FAE04EC0-301F-11D3-BF4B-00C04F79EFBC}") = "ChecksumChecker", "ChecksumChecker.csproj", "{78A3E209-9652-434B-8CBE-76FD2499A14F}"
EndProject
Project("{FAE04EC0-301F-11D3-BF4B-00C04F79EFBC}") = "ChecksumLib", "..\ChecksumLib\ChecksumLib.csproj", "{C95844A1-4E04-40BD-915B-A3254D45AF73}"
EndProject
Global
	GlobalSection(SolutionConfigurationPlatforms) = preSolution
		Debug|Any CPU = Debug|Any CPU
		Debug|Mixed Platforms = Debug|Mixed Platforms
		Debug|x86 = Debug|x86
		Release|Any CPU = Release|Any CPU
		Release|Mixed Platforms = Release|Mixed Platforms
		Release|x86 = Release|x86
	EndGlobalSection
	GlobalSection(ProjectConfigurationPlatforms) = postSolution
		{78A3E209-9652-434B-8CBE-76FD2499A14F}.Debug|Any CPU.ActiveCfg = Debug|x86
		{78A3E209-9652-434B-8CBE-76FD2499A14F}.Debug|Mixed Platforms.ActiveCfg = Debug|x86
		{78A3E209-9652-434B-8CBE-76FD2499A14F}.Debug|Mixed Platforms.Build.0 = Debug|x86
		{78A3E209-9652-434B-8CBE-76FD2499A14F}.Debug|x86.ActiveCfg = Debug|x86
		{78A3E209-9652-434B-8CBE-76FD2499A14F}.Debug|x86.Build.0 = Debug|x86
		{78A3E209-9652-434B-8CBE-76FD2499A14F}.Release|Any CPU.ActiveCfg = Release|x86
		{78A3E209-9652-434B-8CBE-76FD2499A14F}.Release|Mixed Platforms.ActiveCfg = Release|x86
		{78A3E209-9652-434B-8CBE-76FD2499A14F}.Release|Mixed Platforms.Build.0 = Release|x86
		{78A3E209-9652-434B-8CBE-76FD2499A14F}.Release|x86.ActiveCfg = Release|x86
		{78A3E209-9652-434B-8CBE-76FD2499A14F}.Release|x86.Build.0 = Release|x86
		{C95844A1-4E04-40BD-915B-A3254D45AF73}.Debug|Any CPU.ActiveCfg = Debug|Any CPU
		{C95844A1-4E04-40BD-915B-A3254D45AF73}.Debug|Any CPU.Build.0 = Debug|Any CPU
		{C95844A1-4E04-40BD-915B-A3254D45AF73}.Debug|Mixed Platforms.ActiveCfg = Debug|Any CPU
		{C95844A1-4E04-40BD-915B-A3254D45AF73}.Debug|Mixed Platforms.Build.0 = Debug|Any CPU
		{C95844A1-4E04-40BD-915B-A3254D45AF73}.Debug|x86.ActiveCfg = Debug|Any CPU
		{C95844A1-4E04-40BD-915B-A3254D45AF73}.Release|Any CPU.ActiveCfg = Release|Any CPU
		{C95844A1-4E04-40BD-915B-A3254D45AF73}.Release|Any CPU.Build.0 = Release|Any CPU
		{C95844A1-4E04-40BD-915B-A3254D45AF73}.Release|Mixed Platforms.ActiveCfg = Release|Any CPU
		{C95844A1-4E04-40BD-915B-A3254D45AF73}.Release|Mixed Platforms.Build.0 = Release|Any CPU
		{C95844A1-4E04-40BD-915B-A3254D45AF73}.Release|x86.ActiveCfg = Release|Any CPU
	EndGlobalSection
	GlobalSection(SolutionProperties) = preSolution
		HideSolutionNode = FALSE
	EndGlobalSection
EndGlobal
